// !$*UTF8*$!
{
	archiveVersion = 1;
	classes = {
	};
	objectVersion = 56;
	objects = {

/* Begin PBXBuildFile section */
		0E8CC2AD29F933B5005D5E8B /* Photos_SearcherApp.swift in Sources */ = {isa = PBXBuildFile; fileRef = 0E8CC2AC29F933B5005D5E8B /* Photos_SearcherApp.swift */; };
		0E8CC2AF29F933B5005D5E8B /* ContentView.swift in Sources */ = {isa = PBXBuildFile; fileRef = 0E8CC2AE29F933B5005D5E8B /* ContentView.swift */; };
		0E8CC2B129F933B7005D5E8B /* Assets.xcassets in Resources */ = {isa = PBXBuildFile; fileRef = 0E8CC2B029F933B7005D5E8B /* Assets.xcassets */; };
		0E8CC2B429F933B7005D5E8B /* Preview Assets.xcassets in Resources */ = {isa = PBXBuildFile; fileRef = 0E8CC2B329F933B7005D5E8B /* Preview Assets.xcassets */; };
		0E8CC2C629F93414005D5E8B /* photo8.jpg in Resources */ = {isa = PBXBuildFile; fileRef = 0E8CC2BC29F93413005D5E8B /* photo8.jpg */; };
		0E8CC2C729F93414005D5E8B /* photo3.jpg in Resources */ = {isa = PBXBuildFile; fileRef = 0E8CC2BD29F93413005D5E8B /* photo3.jpg */; };
		0E8CC2C829F93414005D5E8B /* photo6.jpg in Resources */ = {isa = PBXBuildFile; fileRef = 0E8CC2BE29F93413005D5E8B /* photo6.jpg */; };
		0E8CC2C929F93414005D5E8B /* photo0.jpg in Resources */ = {isa = PBXBuildFile; fileRef = 0E8CC2BF29F93413005D5E8B /* photo0.jpg */; };
		0E8CC2CA29F93414005D5E8B /* photo2.jpg in Resources */ = {isa = PBXBuildFile; fileRef = 0E8CC2C029F93413005D5E8B /* photo2.jpg */; };
		0E8CC2CB29F93414005D5E8B /* photo5.jpg in Resources */ = {isa = PBXBuildFile; fileRef = 0E8CC2C129F93413005D5E8B /* photo5.jpg */; };
		0E8CC2CC29F93414005D5E8B /* photo9.jpg in Resources */ = {isa = PBXBuildFile; fileRef = 0E8CC2C229F93413005D5E8B /* photo9.jpg */; };
		0E8CC2CD29F93414005D5E8B /* photo1.jpg in Resources */ = {isa = PBXBuildFile; fileRef = 0E8CC2C329F93414005D5E8B /* photo1.jpg */; };
		0E8CC2CE29F93414005D5E8B /* photo7.jpg in Resources */ = {isa = PBXBuildFile; fileRef = 0E8CC2C429F93414005D5E8B /* photo7.jpg */; };
		0E8CC2CF29F93414005D5E8B /* photo4.jpg in Resources */ = {isa = PBXBuildFile; fileRef = 0E8CC2C529F93414005D5E8B /* photo4.jpg */; };
		0E8CC2D329F934C5005D5E8B /* vocab.json in Resources */ = {isa = PBXBuildFile; fileRef = 0E8CC2D129F934C5005D5E8B /* vocab.json */; };
		0E8CC2D429F934C5005D5E8B /* merges.txt in Resources */ = {isa = PBXBuildFile; fileRef = 0E8CC2D229F934C5005D5E8B /* merges.txt */; };
		0E8CC2D629F934DD005D5E8B /* Activation.swift in Sources */ = {isa = PBXBuildFile; fileRef = 0E8CC2D529F934DD005D5E8B /* Activation.swift */; };
		0E8CC2D929F93502005D5E8B /* ClipTextEncoder.mlmodel in Sources */ = {isa = PBXBuildFile; fileRef = 0E8CC2D729F934F4005D5E8B /* ClipTextEncoder.mlmodel */; };
		0E8CC2DA29F93502005D5E8B /* ClipImageEncoder.mlmodel in Sources */ = {isa = PBXBuildFile; fileRef = 0E8CC2D829F93502005D5E8B /* ClipImageEncoder.mlmodel */; };
		0E8CC2DD29F93502005D5E8B /* BPETokenizer.swift in Sources */ = {isa = PBXBuildFile; fileRef = 0E8CC2DB29F93502005D5E8B /* BPETokenizer.swift */; };
		0E8CC2DE29F93502005D5E8B /* BPETokenizer+Reading.swift in Sources */ = {isa = PBXBuildFile; fileRef = 0E8CC2DC29F93502005D5E8B /* BPETokenizer+Reading.swift */; };
		0E8CC2E029F93524005D5E8B /* Math.swift in Sources */ = {isa = PBXBuildFile; fileRef = 0E8CC2DF29F93524005D5E8B /* Math.swift */; };
		0E8CC2E229F935FB005D5E8B /* Helper.swift in Sources */ = {isa = PBXBuildFile; fileRef = 0E8CC2E129F935FB005D5E8B /* Helper.swift */; };
		0E8CC2E429F937BB005D5E8B /* UIImage+Resize.swift in Sources */ = {isa = PBXBuildFile; fileRef = 0E8CC2E329F937BB005D5E8B /* UIImage+Resize.swift */; };
/* End PBXBuildFile section */

/* Begin PBXFileReference section */
		0E8CC2A929F933B5005D5E8B /* Photos-Searcher.app */ = {isa = PBXFileReference; explicitFileType = wrapper.application; includeInIndex = 0; path = "Photos-Searcher.app"; sourceTree = BUILT_PRODUCTS_DIR; };
		0E8CC2AC29F933B5005D5E8B /* Photos_SearcherApp.swift */ = {isa = PBXFileReference; lastKnownFileType = sourcecode.swift; path = Photos_SearcherApp.swift; sourceTree = "<group>"; };
		0E8CC2AE29F933B5005D5E8B /* ContentView.swift */ = {isa = PBXFileReference; lastKnownFileType = sourcecode.swift; path = ContentView.swift; sourceTree = "<group>"; };
		0E8CC2B029F933B7005D5E8B /* Assets.xcassets */ = {isa = PBXFileReference; lastKnownFileType = folder.assetcatalog; path = Assets.xcassets; sourceTree = "<group>"; };
		0E8CC2B329F933B7005D5E8B /* Preview Assets.xcassets */ = {isa = PBXFileReference; lastKnownFileType = folder.assetcatalog; path = "Preview Assets.xcassets"; sourceTree = "<group>"; };
		0E8CC2BC29F93413005D5E8B /* photo8.jpg */ = {isa = PBXFileReference; lastKnownFileType = image.jpeg; path = photo8.jpg; sourceTree = "<group>"; };
		0E8CC2BD29F93413005D5E8B /* photo3.jpg */ = {isa = PBXFileReference; lastKnownFileType = image.jpeg; path = photo3.jpg; sourceTree = "<group>"; };
		0E8CC2BE29F93413005D5E8B /* photo6.jpg */ = {isa = PBXFileReference; lastKnownFileType = image.jpeg; path = photo6.jpg; sourceTree = "<group>"; };
		0E8CC2BF29F93413005D5E8B /* photo0.jpg */ = {isa = PBXFileReference; lastKnownFileType = image.jpeg; path = photo0.jpg; sourceTree = "<group>"; };
		0E8CC2C029F93413005D5E8B /* photo2.jpg */ = {isa = PBXFileReference; lastKnownFileType = image.jpeg; path = photo2.jpg; sourceTree = "<group>"; };
		0E8CC2C129F93413005D5E8B /* photo5.jpg */ = {isa = PBXFileReference; lastKnownFileType = image.jpeg; path = photo5.jpg; sourceTree = "<group>"; };
		0E8CC2C229F93413005D5E8B /* photo9.jpg */ = {isa = PBXFileReference; lastKnownFileType = image.jpeg; path = photo9.jpg; sourceTree = "<group>"; };
		0E8CC2C329F93414005D5E8B /* photo1.jpg */ = {isa = PBXFileReference; lastKnownFileType = image.jpeg; path = photo1.jpg; sourceTree = "<group>"; };
		0E8CC2C429F93414005D5E8B /* photo7.jpg */ = {isa = PBXFileReference; lastKnownFileType = image.jpeg; path = photo7.jpg; sourceTree = "<group>"; };
		0E8CC2C529F93414005D5E8B /* photo4.jpg */ = {isa = PBXFileReference; lastKnownFileType = image.jpeg; path = photo4.jpg; sourceTree = "<group>"; };
		0E8CC2D129F934C5005D5E8B /* vocab.json */ = {isa = PBXFileReference; fileEncoding = 4; lastKnownFileType = text.json; path = vocab.json; sourceTree = "<group>"; };
		0E8CC2D229F934C5005D5E8B /* merges.txt */ = {isa = PBXFileReference; fileEncoding = 4; lastKnownFileType = text; path = merges.txt; sourceTree = "<group>"; };
		0E8CC2D529F934DD005D5E8B /* Activation.swift */ = {isa = PBXFileReference; lastKnownFileType = sourcecode.swift; path = Activation.swift; sourceTree = "<group>"; };
		0E8CC2D729F934F4005D5E8B /* ClipTextEncoder.mlmodel */ = {isa = PBXFileReference; lastKnownFileType = file.mlmodel; path = ClipTextEncoder.mlmodel; sourceTree = "<group>"; };
		0E8CC2D829F93502005D5E8B /* ClipImageEncoder.mlmodel */ = {isa = PBXFileReference; lastKnownFileType = file.mlmodel; path = ClipImageEncoder.mlmodel; sourceTree = "<group>"; };
		0E8CC2DB29F93502005D5E8B /* BPETokenizer.swift */ = {isa = PBXFileReference; fileEncoding = 4; lastKnownFileType = sourcecode.swift; path = BPETokenizer.swift; sourceTree = "<group>"; };
		0E8CC2DC29F93502005D5E8B /* BPETokenizer+Reading.swift */ = {isa = PBXFileReference; fileEncoding = 4; lastKnownFileType = sourcecode.swift; path = "BPETokenizer+Reading.swift"; sourceTree = "<group>"; };
		0E8CC2DF29F93524005D5E8B /* Math.swift */ = {isa = PBXFileReference; lastKnownFileType = sourcecode.swift; path = Math.swift; sourceTree = "<group>"; };
		0E8CC2E129F935FB005D5E8B /* Helper.swift */ = {isa = PBXFileReference; lastKnownFileType = sourcecode.swift; path = Helper.swift; sourceTree = "<group>"; };
		0E8CC2E329F937BB005D5E8B /* UIImage+Resize.swift */ = {isa = PBXFileReference; fileEncoding = 4; lastKnownFileType = sourcecode.swift; path = "UIImage+Resize.swift"; sourceTree = "<group>"; };
/* End PBXFileReference section */

/* Begin PBXFrameworksBuildPhase section */
		0E8CC2A629F933B5005D5E8B /* Frameworks */ = {
			isa = PBXFrameworksBuildPhase;
			buildActionMask = 2147483647;
			files = (
			);
			runOnlyForDeploymentPostprocessing = 0;
		};
/* End PBXFrameworksBuildPhase section */

/* Begin PBXGroup section */
		0E8CC2A029F933B5005D5E8B = {
			isa = PBXGroup;
			children = (
				0E8CC2AB29F933B5005D5E8B /* Photos-Searcher */,
				0E8CC2AA29F933B5005D5E8B /* Products */,
			);
			sourceTree = "<group>";
		};
		0E8CC2AA29F933B5005D5E8B /* Products */ = {
			isa = PBXGroup;
			children = (
				0E8CC2A929F933B5005D5E8B /* Photos-Searcher.app */,
			);
			name = Products;
			sourceTree = "<group>";
		};
		0E8CC2AB29F933B5005D5E8B /* Photos-Searcher */ = {
			isa = PBXGroup;
			children = (
				0E8CC2D029F934A9005D5E8B /* Libs */,
				0E8CC2BB29F933F6005D5E8B /* TestPhotos */,
				0E8CC2BA29F933EF005D5E8B /* Models */,
				0E8CC2AC29F933B5005D5E8B /* Photos_SearcherApp.swift */,
				0E8CC2AE29F933B5005D5E8B /* ContentView.swift */,
				0E8CC2B029F933B7005D5E8B /* Assets.xcassets */,
				0E8CC2B229F933B7005D5E8B /* Preview Content */,
			);
			path = "Photos-Searcher";
			sourceTree = "<group>";
		};
		0E8CC2B229F933B7005D5E8B /* Preview Content */ = {
			isa = PBXGroup;
			children = (
				0E8CC2B329F933B7005D5E8B /* Preview Assets.xcassets */,
			);
			path = "Preview Content";
			sourceTree = "<group>";
		};
		0E8CC2BA29F933EF005D5E8B /* Models */ = {
			isa = PBXGroup;
			children = (
				0E8CC2D829F93502005D5E8B /* ClipImageEncoder.mlmodel */,
				0E8CC2D729F934F4005D5E8B /* ClipTextEncoder.mlmodel */,
				0E8CC2D229F934C5005D5E8B /* merges.txt */,
				0E8CC2D129F934C5005D5E8B /* vocab.json */,
			);
			path = Models;
			sourceTree = "<group>";
		};
		0E8CC2BB29F933F6005D5E8B /* TestPhotos */ = {
			isa = PBXGroup;
			children = (
				0E8CC2BF29F93413005D5E8B /* photo0.jpg */,
				0E8CC2C329F93414005D5E8B /* photo1.jpg */,
				0E8CC2C029F93413005D5E8B /* photo2.jpg */,
				0E8CC2BD29F93413005D5E8B /* photo3.jpg */,
				0E8CC2C529F93414005D5E8B /* photo4.jpg */,
				0E8CC2C129F93413005D5E8B /* photo5.jpg */,
				0E8CC2BE29F93413005D5E8B /* photo6.jpg */,
				0E8CC2C429F93414005D5E8B /* photo7.jpg */,
				0E8CC2BC29F93413005D5E8B /* photo8.jpg */,
				0E8CC2C229F93413005D5E8B /* photo9.jpg */,
			);
			path = TestPhotos;
			sourceTree = "<group>";
		};
		0E8CC2D029F934A9005D5E8B /* Libs */ = {
			isa = PBXGroup;
			children = (
				0E8CC2E329F937BB005D5E8B /* UIImage+Resize.swift */,
				0E8CC2DB29F93502005D5E8B /* BPETokenizer.swift */,
				0E8CC2DC29F93502005D5E8B /* BPETokenizer+Reading.swift */,
				0E8CC2D529F934DD005D5E8B /* Activation.swift */,
				0E8CC2DF29F93524005D5E8B /* Math.swift */,
				0E8CC2E129F935FB005D5E8B /* Helper.swift */,
			);
			path = Libs;
			sourceTree = "<group>";
		};
/* End PBXGroup section */

/* Begin PBXNativeTarget section */
		0E8CC2A829F933B5005D5E8B /* Photos-Searcher */ = {
			isa = PBXNativeTarget;
			buildConfigurationList = 0E8CC2B729F933B7005D5E8B /* Build configuration list for PBXNativeTarget "Photos-Searcher" */;
			buildPhases = (
				0E8CC2A529F933B5005D5E8B /* Sources */,
				0E8CC2A629F933B5005D5E8B /* Frameworks */,
				0E8CC2A729F933B5005D5E8B /* Resources */,
			);
			buildRules = (
			);
			dependencies = (
			);
			name = "Photos-Searcher";
			productName = "Photos-Searcher";
			productReference = 0E8CC2A929F933B5005D5E8B /* Photos-Searcher.app */;
			productType = "com.apple.product-type.application";
		};
/* End PBXNativeTarget section */

/* Begin PBXProject section */
		0E8CC2A129F933B5005D5E8B /* Project object */ = {
			isa = PBXProject;
			attributes = {
				BuildIndependentTargetsInParallel = 1;
				LastSwiftUpdateCheck = 1430;
				LastUpgradeCheck = 1430;
				TargetAttributes = {
					0E8CC2A829F933B5005D5E8B = {
						CreatedOnToolsVersion = 14.3;
					};
				};
			};
			buildConfigurationList = 0E8CC2A429F933B5005D5E8B /* Build configuration list for PBXProject "Photos-Searcher" */;
			compatibilityVersion = "Xcode 14.0";
			developmentRegion = en;
			hasScannedForEncodings = 0;
			knownRegions = (
				en,
				Base,
			);
			mainGroup = 0E8CC2A029F933B5005D5E8B;
			productRefGroup = 0E8CC2AA29F933B5005D5E8B /* Products */;
			projectDirPath = "";
			projectRoot = "";
			targets = (
				0E8CC2A829F933B5005D5E8B /* Photos-Searcher */,
			);
		};
/* End PBXProject section */

/* Begin PBXResourcesBuildPhase section */
		0E8CC2A729F933B5005D5E8B /* Resources */ = {
			isa = PBXResourcesBuildPhase;
			buildActionMask = 2147483647;
			files = (
				0E8CC2CD29F93414005D5E8B /* photo1.jpg in Resources */,
				0E8CC2CB29F93414005D5E8B /* photo5.jpg in Resources */,
				0E8CC2C829F93414005D5E8B /* photo6.jpg in Resources */,
				0E8CC2B429F933B7005D5E8B /* Preview Assets.xcassets in Resources */,
				0E8CC2CA29F93414005D5E8B /* photo2.jpg in Resources */,
				0E8CC2C629F93414005D5E8B /* photo8.jpg in Resources */,
				0E8CC2C929F93414005D5E8B /* photo0.jpg in Resources */,
				0E8CC2CE29F93414005D5E8B /* photo7.jpg in Resources */,
				0E8CC2CC29F93414005D5E8B /* photo9.jpg in Resources */,
				0E8CC2C729F93414005D5E8B /* photo3.jpg in Resources */,
				0E8CC2B129F933B7005D5E8B /* Assets.xcassets in Resources */,
				0E8CC2D429F934C5005D5E8B /* merges.txt in Resources */,
				0E8CC2CF29F93414005D5E8B /* photo4.jpg in Resources */,
				0E8CC2D329F934C5005D5E8B /* vocab.json in Resources */,
			);
			runOnlyForDeploymentPostprocessing = 0;
		};
/* End PBXResourcesBuildPhase section */

/* Begin PBXSourcesBuildPhase section */
		0E8CC2A529F933B5005D5E8B /* Sources */ = {
			isa = PBXSourcesBuildPhase;
			buildActionMask = 2147483647;
			files = (
				0E8CC2DE29F93502005D5E8B /* BPETokenizer+Reading.swift in Sources */,
				0E8CC2D929F93502005D5E8B /* ClipTextEncoder.mlmodel in Sources */,
				0E8CC2E029F93524005D5E8B /* Math.swift in Sources */,
				0E8CC2DD29F93502005D5E8B /* BPETokenizer.swift in Sources */,
				0E8CC2AF29F933B5005D5E8B /* ContentView.swift in Sources */,
				0E8CC2E429F937BB005D5E8B /* UIImage+Resize.swift in Sources */,
				0E8CC2E229F935FB005D5E8B /* Helper.swift in Sources */,
				0E8CC2AD29F933B5005D5E8B /* Photos_SearcherApp.swift in Sources */,
				0E8CC2DA29F93502005D5E8B /* ClipImageEncoder.mlmodel in Sources */,
				0E8CC2D629F934DD005D5E8B /* Activation.swift in Sources */,
			);
			runOnlyForDeploymentPostprocessing = 0;
		};
/* End PBXSourcesBuildPhase section */

/* Begin XCBuildConfiguration section */
		0E8CC2B529F933B7005D5E8B /* Debug */ = {
			isa = XCBuildConfiguration;
			buildSettings = {
				ALWAYS_SEARCH_USER_PATHS = NO;
				CLANG_ANALYZER_NONNULL = YES;
				CLANG_ANALYZER_NUMBER_OBJECT_CONVERSION = YES_AGGRESSIVE;
				CLANG_CXX_LANGUAGE_STANDARD = "gnu++20";
				CLANG_ENABLE_MODULES = YES;
				CLANG_ENABLE_OBJC_ARC = YES;
				CLANG_ENABLE_OBJC_WEAK = YES;
				CLANG_WARN_BLOCK_CAPTURE_AUTORELEASING = YES;
				CLANG_WARN_BOOL_CONVERSION = YES;
				CLANG_WARN_COMMA = YES;
				CLANG_WARN_CONSTANT_CONVERSION = YES;
				CLANG_WARN_DEPRECATED_OBJC_IMPLEMENTATIONS = YES;
				CLANG_WARN_DIRECT_OBJC_ISA_USAGE = YES_ERROR;
				CLANG_WARN_DOCUMENTATION_COMMENTS = YES;
				CLANG_WARN_EMPTY_BODY = YES;
				CLANG_WARN_ENUM_CONVERSION = YES;
				CLANG_WARN_INFINITE_RECURSION = YES;
				CLANG_WARN_INT_CONVERSION = YES;
				CLANG_WARN_NON_LITERAL_NULL_CONVERSION = YES;
				CLANG_WARN_OBJC_IMPLICIT_RETAIN_SELF = YES;
				CLANG_WARN_OBJC_LITERAL_CONVERSION = YES;
				CLANG_WARN_OBJC_ROOT_CLASS = YES_ERROR;
				CLANG_WARN_QUOTED_INCLUDE_IN_FRAMEWORK_HEADER = YES;
				CLANG_WARN_RANGE_LOOP_ANALYSIS = YES;
				CLANG_WARN_STRICT_PROTOTYPES = YES;
				CLANG_WARN_SUSPICIOUS_MOVE = YES;
				CLANG_WARN_UNGUARDED_AVAILABILITY = YES_AGGRESSIVE;
				CLANG_WARN_UNREACHABLE_CODE = YES;
				CLANG_WARN__DUPLICATE_METHOD_MATCH = YES;
				COPY_PHASE_STRIP = NO;
				DEBUG_INFORMATION_FORMAT = dwarf;
				ENABLE_STRICT_OBJC_MSGSEND = YES;
				ENABLE_TESTABILITY = YES;
				GCC_C_LANGUAGE_STANDARD = gnu11;
				GCC_DYNAMIC_NO_PIC = NO;
				GCC_NO_COMMON_BLOCKS = YES;
				GCC_OPTIMIZATION_LEVEL = 0;
				GCC_PREPROCESSOR_DEFINITIONS = (
					"DEBUG=1",
					"$(inherited)",
				);
				GCC_WARN_64_TO_32_BIT_CONVERSION = YES;
				GCC_WARN_ABOUT_RETURN_TYPE = YES_ERROR;
				GCC_WARN_UNDECLARED_SELECTOR = YES;
				GCC_WARN_UNINITIALIZED_AUTOS = YES_AGGRESSIVE;
				GCC_WARN_UNUSED_FUNCTION = YES;
				GCC_WARN_UNUSED_VARIABLE = YES;
				IPHONEOS_DEPLOYMENT_TARGET = 16.4;
				MTL_ENABLE_DEBUG_INFO = INCLUDE_SOURCE;
				MTL_FAST_MATH = YES;
				ONLY_ACTIVE_ARCH = YES;
				SDKROOT = iphoneos;
				SWIFT_ACTIVE_COMPILATION_CONDITIONS = DEBUG;
				SWIFT_OPTIMIZATION_LEVEL = "-Onone";
			};
			name = Debug;
		};
		0E8CC2B629F933B7005D5E8B /* Release */ = {
			isa = XCBuildConfiguration;
			buildSettings = {
				ALWAYS_SEARCH_USER_PATHS = NO;
				CLANG_ANALYZER_NONNULL = YES;
				CLANG_ANALYZER_NUMBER_OBJECT_CONVERSION = YES_AGGRESSIVE;
				CLANG_CXX_LANGUAGE_STANDARD = "gnu++20";
				CLANG_ENABLE_MODULES = YES;
				CLANG_ENABLE_OBJC_ARC = YES;
				CLANG_ENABLE_OBJC_WEAK = YES;
				CLANG_WARN_BLOCK_CAPTURE_AUTORELEASING = YES;
				CLANG_WARN_BOOL_CONVERSION = YES;
				CLANG_WARN_COMMA = YES;
				CLANG_WARN_CONSTANT_CONVERSION = YES;
				CLANG_WARN_DEPRECATED_OBJC_IMPLEMENTATIONS = YES;
				CLANG_WARN_DIRECT_OBJC_ISA_USAGE = YES_ERROR;
				CLANG_WARN_DOCUMENTATION_COMMENTS = YES;
				CLANG_WARN_EMPTY_BODY = YES;
				CLANG_WARN_ENUM_CONVERSION = YES;
				CLANG_WARN_INFINITE_RECURSION = YES;
				CLANG_WARN_INT_CONVERSION = YES;
				CLANG_WARN_NON_LITERAL_NULL_CONVERSION = YES;
				CLANG_WARN_OBJC_IMPLICIT_RETAIN_SELF = YES;
				CLANG_WARN_OBJC_LITERAL_CONVERSION = YES;
				CLANG_WARN_OBJC_ROOT_CLASS = YES_ERROR;
				CLANG_WARN_QUOTED_INCLUDE_IN_FRAMEWORK_HEADER = YES;
				CLANG_WARN_RANGE_LOOP_ANALYSIS = YES;
				CLANG_WARN_STRICT_PROTOTYPES = YES;
				CLANG_WARN_SUSPICIOUS_MOVE = YES;
				CLANG_WARN_UNGUARDED_AVAILABILITY = YES_AGGRESSIVE;
				CLANG_WARN_UNREACHABLE_CODE = YES;
				CLANG_WARN__DUPLICATE_METHOD_MATCH = YES;
				COPY_PHASE_STRIP = NO;
				DEBUG_INFORMATION_FORMAT = "dwarf-with-dsym";
				ENABLE_NS_ASSERTIONS = NO;
				ENABLE_STRICT_OBJC_MSGSEND = YES;
				GCC_C_LANGUAGE_STANDARD = gnu11;
				GCC_NO_COMMON_BLOCKS = YES;
				GCC_WARN_64_TO_32_BIT_CONVERSION = YES;
				GCC_WARN_ABOUT_RETURN_TYPE = YES_ERROR;
				GCC_WARN_UNDECLARED_SELECTOR = YES;
				GCC_WARN_UNINITIALIZED_AUTOS = YES_AGGRESSIVE;
				GCC_WARN_UNUSED_FUNCTION = YES;
				GCC_WARN_UNUSED_VARIABLE = YES;
				IPHONEOS_DEPLOYMENT_TARGET = 16.4;
				MTL_ENABLE_DEBUG_INFO = NO;
				MTL_FAST_MATH = YES;
				SDKROOT = iphoneos;
				SWIFT_COMPILATION_MODE = wholemodule;
				SWIFT_OPTIMIZATION_LEVEL = "-O";
				VALIDATE_PRODUCT = YES;
			};
			name = Release;
		};
		0E8CC2B829F933B7005D5E8B /* Debug */ = {
			isa = XCBuildConfiguration;
			buildSettings = {
				ASSETCATALOG_COMPILER_APPICON_NAME = AppIcon;
				ASSETCATALOG_COMPILER_GLOBAL_ACCENT_COLOR_NAME = AccentColor;
				CODE_SIGN_STYLE = Automatic;
				CURRENT_PROJECT_VERSION = 1;
				DEVELOPMENT_ASSET_PATHS = "\"Photos-Searcher/Preview Content\"";
				ENABLE_PREVIEWS = YES;
				GENERATE_INFOPLIST_FILE = YES;
				INFOPLIST_KEY_UIApplicationSceneManifest_Generation = YES;
				INFOPLIST_KEY_UIApplicationSupportsIndirectInputEvents = YES;
				INFOPLIST_KEY_UILaunchScreen_Generation = YES;
				INFOPLIST_KEY_UISupportedInterfaceOrientations_iPad = "UIInterfaceOrientationPortrait UIInterfaceOrientationPortraitUpsideDown UIInterfaceOrientationLandscapeLeft UIInterfaceOrientationLandscapeRight";
				INFOPLIST_KEY_UISupportedInterfaceOrientations_iPhone = "UIInterfaceOrientationPortrait UIInterfaceOrientationLandscapeLeft UIInterfaceOrientationLandscapeRight";
				LD_RUNPATH_SEARCH_PATHS = (
					"$(inherited)",
					"@executable_path/Frameworks",
				);
				MARKETING_VERSION = 1.0;
				PRODUCT_BUNDLE_IDENTIFIER = "com.shonenada.Photos-Searcher";
				PRODUCT_NAME = "$(TARGET_NAME)";
				SWIFT_EMIT_LOC_STRINGS = YES;
				SWIFT_VERSION = 5.0;
				TARGETED_DEVICE_FAMILY = "1,2";
			};
			name = Debug;
		};
		0E8CC2B929F933B7005D5E8B /* Release */ = {
			isa = XCBuildConfiguration;
			buildSettings = {
				ASSETCATALOG_COMPILER_APPICON_NAME = AppIcon;
				ASSETCATALOG_COMPILER_GLOBAL_ACCENT_COLOR_NAME = AccentColor;
				CODE_SIGN_STYLE = Automatic;
				CURRENT_PROJECT_VERSION = 1;
				DEVELOPMENT_ASSET_PATHS = "\"Photos-Searcher/Preview Content\"";
				ENABLE_PREVIEWS = YES;
				GENERATE_INFOPLIST_FILE = YES;
				INFOPLIST_KEY_UIApplicationSceneManifest_Generation = YES;
				INFOPLIST_KEY_UIApplicationSupportsIndirectInputEvents = YES;
				INFOPLIST_KEY_UILaunchScreen_Generation = YES;
				INFOPLIST_KEY_UISupportedInterfaceOrientations_iPad = "UIInterfaceOrientationPortrait UIInterfaceOrientationPortraitUpsideDown UIInterfaceOrientationLandscapeLeft UIInterfaceOrientationLandscapeRight";
				INFOPLIST_KEY_UISupportedInterfaceOrientations_iPhone = "UIInterfaceOrientationPortrait UIInterfaceOrientationLandscapeLeft UIInterfaceOrientationLandscapeRight";
				LD_RUNPATH_SEARCH_PATHS = (
					"$(inherited)",
					"@executable_path/Frameworks",
				);
				MARKETING_VERSION = 1.0;
				PRODUCT_BUNDLE_IDENTIFIER = "com.shonenada.Photos-Searcher";
				PRODUCT_NAME = "$(TARGET_NAME)";
				SWIFT_EMIT_LOC_STRINGS = YES;
				SWIFT_VERSION = 5.0;
				TARGETED_DEVICE_FAMILY = "1,2";
			};
			name = Release;
		};
/* End XCBuildConfiguration section */

/* Begin XCConfigurationList section */
		0E8CC2A429F933B5005D5E8B /* Build configuration list for PBXProject "Photos-Searcher" */ = {
			isa = XCConfigurationList;
			buildConfigurations = (
				0E8CC2B529F933B7005D5E8B /* Debug */,
				0E8CC2B629F933B7005D5E8B /* Release */,
			);
			defaultConfigurationIsVisible = 0;
			defaultConfigurationName = Release;
		};
		0E8CC2B729F933B7005D5E8B /* Build configuration list for PBXNativeTarget "Photos-Searcher" */ = {
			isa = XCConfigurationList;
			buildConfigurations = (
				0E8CC2B829F933B7005D5E8B /* Debug */,
				0E8CC2B929F933B7005D5E8B /* Release */,
			);
			defaultConfigurationIsVisible = 0;
			defaultConfigurationName = Release;
		};
/* End XCConfigurationList section */
	};
	rootObject = 0E8CC2A129F933B5005D5E8B /* Project object */;
}
