// !$*UTF8*$!
{
	archiveVersion = 1;
	classes = {
	};
	objectVersion = 56;
	objects = {

/* Begin PBXBuildFile section */
		0E2E45FE2A04E0F1000ADA50 /* photo0.jpg in Resources */ = {isa = PBXBuildFile; fileRef = 0E8CC2BF29F93413005D5E8B /* photo0.jpg */; };
		0E2E45FF2A04E0F1000ADA50 /* photo1.jpg in Resources */ = {isa = PBXBuildFile; fileRef = 0E8CC2C329F93414005D5E8B /* photo1.jpg */; };
		0E2E46002A04E0F1000ADA50 /* photo2.jpg in Resources */ = {isa = PBXBuildFile; fileRef = 0E8CC2C029F93413005D5E8B /* photo2.jpg */; };
		0E2E46012A04E0F1000ADA50 /* photo3.jpg in Resources */ = {isa = PBXBuildFile; fileRef = 0E8CC2BD29F93413005D5E8B /* photo3.jpg */; };
		0E2E46022A04E0F1000ADA50 /* photo4.jpg in Resources */ = {isa = PBXBuildFile; fileRef = 0E8CC2C529F93414005D5E8B /* photo4.jpg */; };
		0E2E46032A04E0F1000ADA50 /* photo5.jpg in Resources */ = {isa = PBXBuildFile; fileRef = 0E8CC2C129F93413005D5E8B /* photo5.jpg */; };
		0E2E46042A04E0F1000ADA50 /* photo6.jpg in Resources */ = {isa = PBXBuildFile; fileRef = 0E8CC2BE29F93413005D5E8B /* photo6.jpg */; };
		0E2E46052A04E0F1000ADA50 /* photo7.jpg in Resources */ = {isa = PBXBuildFile; fileRef = 0E8CC2C429F93414005D5E8B /* photo7.jpg */; };
		0E2E46062A04E0F1000ADA50 /* photo8.jpg in Resources */ = {isa = PBXBuildFile; fileRef = 0E8CC2BC29F93413005D5E8B /* photo8.jpg */; };
		0E2E46072A04E0F1000ADA50 /* photo9.jpg in Resources */ = {isa = PBXBuildFile; fileRef = 0E8CC2C229F93413005D5E8B /* photo9.jpg */; };
		0E2E46082A04E0F1000ADA50 /* merges.txt in Resources */ = {isa = PBXBuildFile; fileRef = 0E8CC2D229F934C5005D5E8B /* merges.txt */; };
		0E2E46092A04E0F1000ADA50 /* vocab.json in Resources */ = {isa = PBXBuildFile; fileRef = 0E8CC2D129F934C5005D5E8B /* vocab.json */; };
		0E305BFC29FBC97C00AC371D /* Feature.swift in Sources */ = {isa = PBXBuildFile; fileRef = 0E305BFB29FBC97C00AC371D /* Feature.swift */; };
		0E305BFE29FBCE1B00AC371D /* DatabaseManager.swift in Sources */ = {isa = PBXBuildFile; fileRef = 0E305BFD29FBCE1B00AC371D /* DatabaseManager.swift */; };
		0E305C0029FBCFDC00AC371D /* AppDelegate.swift in Sources */ = {isa = PBXBuildFile; fileRef = 0E305BFF29FBCFDC00AC371D /* AppDelegate.swift */; };
		0E8CC2AD29F933B5005D5E8B /* Photos_SearcherApp.swift in Sources */ = {isa = PBXBuildFile; fileRef = 0E8CC2AC29F933B5005D5E8B /* Photos_SearcherApp.swift */; };
		0E8CC2AF29F933B5005D5E8B /* ContentView.swift in Sources */ = {isa = PBXBuildFile; fileRef = 0E8CC2AE29F933B5005D5E8B /* ContentView.swift */; };
		0E8CC2D629F934DD005D5E8B /* Activation.swift in Sources */ = {isa = PBXBuildFile; fileRef = 0E8CC2D529F934DD005D5E8B /* Activation.swift */; };
		0E8CC2DD29F93502005D5E8B /* BPETokenizer.swift in Sources */ = {isa = PBXBuildFile; fileRef = 0E8CC2DB29F93502005D5E8B /* BPETokenizer.swift */; };
		0E8CC2DE29F93502005D5E8B /* BPETokenizer+Reading.swift in Sources */ = {isa = PBXBuildFile; fileRef = 0E8CC2DC29F93502005D5E8B /* BPETokenizer+Reading.swift */; };
		0E8CC2E029F93524005D5E8B /* Math.swift in Sources */ = {isa = PBXBuildFile; fileRef = 0E8CC2DF29F93524005D5E8B /* Math.swift */; };
		0E8CC2E229F935FB005D5E8B /* Helper.swift in Sources */ = {isa = PBXBuildFile; fileRef = 0E8CC2E129F935FB005D5E8B /* Helper.swift */; };
		0E8CC2E429F937BB005D5E8B /* UIImage+Resize.swift in Sources */ = {isa = PBXBuildFile; fileRef = 0E8CC2E329F937BB005D5E8B /* UIImage+Resize.swift */; };
		0E8CC2E729F97B2B005D5E8B /* ClipTextEncoder.mlmodel in Sources */ = {isa = PBXBuildFile; fileRef = 0E8CC2E529F97B2B005D5E8B /* ClipTextEncoder.mlmodel */; };
		0E8CC2E829F97B2B005D5E8B /* ClipImageEncoder.mlmodel in Sources */ = {isa = PBXBuildFile; fileRef = 0E8CC2E629F97B2B005D5E8B /* ClipImageEncoder.mlmodel */; };
		F42E6B8090E673EFE02826A0 /* Pods_Photos_Searcher.framework in Frameworks */ = {isa = PBXBuildFile; fileRef = CF3A5FAB45C2B592BC9ACCED /* Pods_Photos_Searcher.framework */; };
/* End PBXBuildFile section */

/* Begin PBXCopyFilesBuildPhase section */
		0E305C202A03689500AC371D /* Copy Files */ = {
			isa = PBXCopyFilesBuildPhase;
			buildActionMask = 8;
			dstPath = "";
			dstSubfolderSpec = 10;
			files = (
			);
			name = "Copy Files";
			runOnlyForDeploymentPostprocessing = 1;
		};
/* End PBXCopyFilesBuildPhase section */

/* Begin PBXFileReference section */
		0E305BFB29FBC97C00AC371D /* Feature.swift */ = {isa = PBXFileReference; lastKnownFileType = sourcecode.swift; path = Feature.swift; sourceTree = "<group>"; };
		0E305BFD29FBCE1B00AC371D /* DatabaseManager.swift */ = {isa = PBXFileReference; lastKnownFileType = sourcecode.swift; path = DatabaseManager.swift; sourceTree = "<group>"; };
		0E305BFF29FBCFDC00AC371D /* AppDelegate.swift */ = {isa = PBXFileReference; lastKnownFileType = sourcecode.swift; path = AppDelegate.swift; sourceTree = "<group>"; };
		0E305C822A0398E800AC371D /* GRDBCustomSQLite-USER.xcconfig */ = {isa = PBXFileReference; fileEncoding = 4; lastKnownFileType = text.xcconfig; path = "GRDBCustomSQLite-USER.xcconfig"; sourceTree = "<group>"; };
		0E305C832A0398E800AC371D /* GRDBCustomSQLite-INSTALL.sh */ = {isa = PBXFileReference; fileEncoding = 4; lastKnownFileType = text.script.sh; path = "GRDBCustomSQLite-INSTALL.sh"; sourceTree = "<group>"; };
		0E305C842A0398E800AC371D /* SQLiteLib-USER.xcconfig */ = {isa = PBXFileReference; fileEncoding = 4; lastKnownFileType = text.xcconfig; path = "SQLiteLib-USER.xcconfig"; sourceTree = "<group>"; };
		0E305C852A0398E800AC371D /* GRDBCustomSQLite-USER.h */ = {isa = PBXFileReference; fileEncoding = 4; lastKnownFileType = sourcecode.c.h; path = "GRDBCustomSQLite-USER.h"; sourceTree = "<group>"; };
		0E8CC2A929F933B5005D5E8B /* Photos-Searcher.app */ = {isa = PBXFileReference; explicitFileType = wrapper.application; includeInIndex = 0; path = "Photos-Searcher.app"; sourceTree = BUILT_PRODUCTS_DIR; };
		0E8CC2AC29F933B5005D5E8B /* Photos_SearcherApp.swift */ = {isa = PBXFileReference; lastKnownFileType = sourcecode.swift; path = Photos_SearcherApp.swift; sourceTree = "<group>"; };
		0E8CC2AE29F933B5005D5E8B /* ContentView.swift */ = {isa = PBXFileReference; lastKnownFileType = sourcecode.swift; path = ContentView.swift; sourceTree = "<group>"; };
		0E8CC2B029F933B7005D5E8B /* Assets.xcassets */ = {isa = PBXFileReference; lastKnownFileType = folder.assetcatalog; path = Assets.xcassets; sourceTree = "<group>"; };
		0E8CC2B329F933B7005D5E8B /* Preview Assets.xcassets */ = {isa = PBXFileReference; lastKnownFileType = folder.assetcatalog; path = "Preview Assets.xcassets"; sourceTree = "<group>"; };
		0E8CC2BC29F93413005D5E8B /* photo8.jpg */ = {isa = PBXFileReference; lastKnownFileType = image.jpeg; path = photo8.jpg; sourceTree = "<group>"; };
		0E8CC2BD29F93413005D5E8B /* photo3.jpg */ = {isa = PBXFileReference; lastKnownFileType = image.jpeg; path = photo3.jpg; sourceTree = "<group>"; };
		0E8CC2BE29F93413005D5E8B /* photo6.jpg */ = {isa = PBXFileReference; lastKnownFileType = image.jpeg; path = photo6.jpg; sourceTree = "<group>"; };
		0E8CC2BF29F93413005D5E8B /* photo0.jpg */ = {isa = PBXFileReference; lastKnownFileType = image.jpeg; path = photo0.jpg; sourceTree = "<group>"; };
		0E8CC2C029F93413005D5E8B /* photo2.jpg */ = {isa = PBXFileReference; lastKnownFileType = image.jpeg; path = photo2.jpg; sourceTree = "<group>"; };
		0E8CC2C129F93413005D5E8B /* photo5.jpg */ = {isa = PBXFileReference; lastKnownFileType = image.jpeg; path = photo5.jpg; sourceTree = "<group>"; };
		0E8CC2C229F93413005D5E8B /* photo9.jpg */ = {isa = PBXFileReference; lastKnownFileType = image.jpeg; path = photo9.jpg; sourceTree = "<group>"; };
		0E8CC2C329F93414005D5E8B /* photo1.jpg */ = {isa = PBXFileReference; lastKnownFileType = image.jpeg; path = photo1.jpg; sourceTree = "<group>"; };
		0E8CC2C429F93414005D5E8B /* photo7.jpg */ = {isa = PBXFileReference; lastKnownFileType = image.jpeg; path = photo7.jpg; sourceTree = "<group>"; };
		0E8CC2C529F93414005D5E8B /* photo4.jpg */ = {isa = PBXFileReference; lastKnownFileType = image.jpeg; path = photo4.jpg; sourceTree = "<group>"; };
		0E8CC2D129F934C5005D5E8B /* vocab.json */ = {isa = PBXFileReference; fileEncoding = 4; lastKnownFileType = text.json; path = vocab.json; sourceTree = "<group>"; };
		0E8CC2D229F934C5005D5E8B /* merges.txt */ = {isa = PBXFileReference; fileEncoding = 4; lastKnownFileType = text; path = merges.txt; sourceTree = "<group>"; };
		0E8CC2D529F934DD005D5E8B /* Activation.swift */ = {isa = PBXFileReference; lastKnownFileType = sourcecode.swift; path = Activation.swift; sourceTree = "<group>"; };
		0E8CC2DB29F93502005D5E8B /* BPETokenizer.swift */ = {isa = PBXFileReference; fileEncoding = 4; lastKnownFileType = sourcecode.swift; path = BPETokenizer.swift; sourceTree = "<group>"; };
		0E8CC2DC29F93502005D5E8B /* BPETokenizer+Reading.swift */ = {isa = PBXFileReference; fileEncoding = 4; lastKnownFileType = sourcecode.swift; path = "BPETokenizer+Reading.swift"; sourceTree = "<group>"; };
		0E8CC2DF29F93524005D5E8B /* Math.swift */ = {isa = PBXFileReference; lastKnownFileType = sourcecode.swift; path = Math.swift; sourceTree = "<group>"; };
		0E8CC2E129F935FB005D5E8B /* Helper.swift */ = {isa = PBXFileReference; lastKnownFileType = sourcecode.swift; path = Helper.swift; sourceTree = "<group>"; };
		0E8CC2E329F937BB005D5E8B /* UIImage+Resize.swift */ = {isa = PBXFileReference; fileEncoding = 4; lastKnownFileType = sourcecode.swift; path = "UIImage+Resize.swift"; sourceTree = "<group>"; };
		0E8CC2E529F97B2B005D5E8B /* ClipTextEncoder.mlmodel */ = {isa = PBXFileReference; lastKnownFileType = file.mlmodel; name = ClipTextEncoder.mlmodel; path = python/ClipTextEncoder.mlmodel; sourceTree = SOURCE_ROOT; };
		0E8CC2E629F97B2B005D5E8B /* ClipImageEncoder.mlmodel */ = {isa = PBXFileReference; lastKnownFileType = file.mlmodel; name = ClipImageEncoder.mlmodel; path = python/ClipImageEncoder.mlmodel; sourceTree = SOURCE_ROOT; };
		0E9781822A06AE710048EBA0 /* SQLiteVSS.framework */ = {isa = PBXFileReference; explicitFileType = wrapper.framework; path = SQLiteVSS.framework; sourceTree = BUILT_PRODUCTS_DIR; };
		16D786EBB51593CAD67D5DAB /* Pods-Photos-Searcher.release.xcconfig */ = {isa = PBXFileReference; includeInIndex = 1; lastKnownFileType = text.xcconfig; name = "Pods-Photos-Searcher.release.xcconfig"; path = "Target Support Files/Pods-Photos-Searcher/Pods-Photos-Searcher.release.xcconfig"; sourceTree = "<group>"; };
		CF3A5FAB45C2B592BC9ACCED /* Pods_Photos_Searcher.framework */ = {isa = PBXFileReference; explicitFileType = wrapper.framework; includeInIndex = 0; path = Pods_Photos_Searcher.framework; sourceTree = BUILT_PRODUCTS_DIR; };
		DE05F2F0B5FA55B1808AD186 /* Pods-Photos-Searcher.debug.xcconfig */ = {isa = PBXFileReference; includeInIndex = 1; lastKnownFileType = text.xcconfig; name = "Pods-Photos-Searcher.debug.xcconfig"; path = "Target Support Files/Pods-Photos-Searcher/Pods-Photos-Searcher.debug.xcconfig"; sourceTree = "<group>"; };
/* End PBXFileReference section */

/* Begin PBXFrameworksBuildPhase section */
		0E8CC2A629F933B5005D5E8B /* Frameworks */ = {
			isa = PBXFrameworksBuildPhase;
			buildActionMask = 2147483647;
			files = (
				F42E6B8090E673EFE02826A0 /* Pods_Photos_Searcher.framework in Frameworks */,
			);
			runOnlyForDeploymentPostprocessing = 0;
		};
/* End PBXFrameworksBuildPhase section */

/* Begin PBXGroup section */
		0E305BFA29FBC95700AC371D /* DB */ = {
			isa = PBXGroup;
			children = (
				0E305BFB29FBC97C00AC371D /* Feature.swift */,
			);
			path = DB;
			sourceTree = "<group>";
		};
		0E305C722A03912600AC371D /* GRDBCustomSQLite */ = {
			isa = PBXGroup;
			children = (
				0E305C832A0398E800AC371D /* GRDBCustomSQLite-INSTALL.sh */,
				0E305C852A0398E800AC371D /* GRDBCustomSQLite-USER.h */,
				0E305C822A0398E800AC371D /* GRDBCustomSQLite-USER.xcconfig */,
				0E305C842A0398E800AC371D /* SQLiteLib-USER.xcconfig */,
			);
			path = GRDBCustomSQLite;
			sourceTree = "<group>";
		};
		0E8CC2A029F933B5005D5E8B = {
			isa = PBXGroup;
			children = (
				0E305C722A03912600AC371D /* GRDBCustomSQLite */,
				0E8CC2AB29F933B5005D5E8B /* Photos-Searcher */,
				0E8CC2AA29F933B5005D5E8B /* Products */,
				A471FDDE125FE23816F2F98F /* Pods */,
				9F9F04F11E5EF0E7AE64614E /* Frameworks */,
			);
			sourceTree = "<group>";
		};
		0E8CC2AA29F933B5005D5E8B /* Products */ = {
			isa = PBXGroup;
			children = (
				0E8CC2A929F933B5005D5E8B /* Photos-Searcher.app */,
			);
			name = Products;
			sourceTree = "<group>";
		};
		0E8CC2AB29F933B5005D5E8B /* Photos-Searcher */ = {
			isa = PBXGroup;
			children = (
				0E305BFA29FBC95700AC371D /* DB */,
				0E8CC2D029F934A9005D5E8B /* Libs */,
				0E8CC2BB29F933F6005D5E8B /* TestPhotos */,
				0E8CC2BA29F933EF005D5E8B /* Models */,
				0E8CC2AC29F933B5005D5E8B /* Photos_SearcherApp.swift */,
				0E8CC2AE29F933B5005D5E8B /* ContentView.swift */,
				0E8CC2B029F933B7005D5E8B /* Assets.xcassets */,
				0E8CC2B229F933B7005D5E8B /* Preview Content */,
				0E305BFD29FBCE1B00AC371D /* DatabaseManager.swift */,
				0E305BFF29FBCFDC00AC371D /* AppDelegate.swift */,
			);
			path = "Photos-Searcher";
			sourceTree = "<group>";
		};
		0E8CC2B229F933B7005D5E8B /* Preview Content */ = {
			isa = PBXGroup;
			children = (
				0E8CC2B329F933B7005D5E8B /* Preview Assets.xcassets */,
			);
			path = "Preview Content";
			sourceTree = "<group>";
		};
		0E8CC2BA29F933EF005D5E8B /* Models */ = {
			isa = PBXGroup;
			children = (
				0E8CC2E629F97B2B005D5E8B /* ClipImageEncoder.mlmodel */,
				0E8CC2E529F97B2B005D5E8B /* ClipTextEncoder.mlmodel */,
				0E8CC2D229F934C5005D5E8B /* merges.txt */,
				0E8CC2D129F934C5005D5E8B /* vocab.json */,
			);
			path = Models;
			sourceTree = "<group>";
		};
		0E8CC2BB29F933F6005D5E8B /* TestPhotos */ = {
			isa = PBXGroup;
			children = (
				0E8CC2BF29F93413005D5E8B /* photo0.jpg */,
				0E8CC2C329F93414005D5E8B /* photo1.jpg */,
				0E8CC2C029F93413005D5E8B /* photo2.jpg */,
				0E8CC2BD29F93413005D5E8B /* photo3.jpg */,
				0E8CC2C529F93414005D5E8B /* photo4.jpg */,
				0E8CC2C129F93413005D5E8B /* photo5.jpg */,
				0E8CC2BE29F93413005D5E8B /* photo6.jpg */,
				0E8CC2C429F93414005D5E8B /* photo7.jpg */,
				0E8CC2BC29F93413005D5E8B /* photo8.jpg */,
				0E8CC2C229F93413005D5E8B /* photo9.jpg */,
			);
			path = TestPhotos;
			sourceTree = "<group>";
		};
		0E8CC2D029F934A9005D5E8B /* Libs */ = {
			isa = PBXGroup;
			children = (
				0E8CC2E329F937BB005D5E8B /* UIImage+Resize.swift */,
				0E8CC2DB29F93502005D5E8B /* BPETokenizer.swift */,
				0E8CC2DC29F93502005D5E8B /* BPETokenizer+Reading.swift */,
				0E8CC2D529F934DD005D5E8B /* Activation.swift */,
				0E8CC2DF29F93524005D5E8B /* Math.swift */,
				0E8CC2E129F935FB005D5E8B /* Helper.swift */,
			);
			path = Libs;
			sourceTree = "<group>";
		};
		9F9F04F11E5EF0E7AE64614E /* Frameworks */ = {
			isa = PBXGroup;
			children = (
				0E9781822A06AE710048EBA0 /* SQLiteVSS.framework */,
				CF3A5FAB45C2B592BC9ACCED /* Pods_Photos_Searcher.framework */,
			);
			name = Frameworks;
			sourceTree = "<group>";
		};
		A471FDDE125FE23816F2F98F /* Pods */ = {
			isa = PBXGroup;
			children = (
				DE05F2F0B5FA55B1808AD186 /* Pods-Photos-Searcher.debug.xcconfig */,
				16D786EBB51593CAD67D5DAB /* Pods-Photos-Searcher.release.xcconfig */,
			);
			path = Pods;
			sourceTree = "<group>";
		};
/* End PBXGroup section */

/* Begin PBXNativeTarget section */
		0E8CC2A829F933B5005D5E8B /* Photos-Searcher */ = {
			isa = PBXNativeTarget;
			buildConfigurationList = 0E8CC2B729F933B7005D5E8B /* Build configuration list for PBXNativeTarget "Photos-Searcher" */;
			buildPhases = (
				F5D452EB72CB9D023740489E /* [CP] Check Pods Manifest.lock */,
				0E8CC2A529F933B5005D5E8B /* Sources */,
				0E8CC2A629F933B5005D5E8B /* Frameworks */,
				0E2E45FD2A04E0DF000ADA50 /* Resources */,
				DD38531CE1A5843F1B4DE019 /* [CP] Embed Pods Frameworks */,
				0E305C202A03689500AC371D /* Copy Files */,
			);
			buildRules = (
			);
			dependencies = (
			);
			name = "Photos-Searcher";
			productName = "Photos-Searcher";
			productReference = 0E8CC2A929F933B5005D5E8B /* Photos-Searcher.app */;
			productType = "com.apple.product-type.application";
		};
/* End PBXNativeTarget section */

/* Begin PBXProject section */
		0E8CC2A129F933B5005D5E8B /* Project object */ = {
			isa = PBXProject;
			attributes = {
				BuildIndependentTargetsInParallel = 1;
				LastSwiftUpdateCheck = 1430;
				LastUpgradeCheck = 1430;
				TargetAttributes = {
					0E8CC2A829F933B5005D5E8B = {
						CreatedOnToolsVersion = 14.3;
					};
				};
			};
			buildConfigurationList = 0E8CC2A429F933B5005D5E8B /* Build configuration list for PBXProject "Photos-Searcher" */;
			compatibilityVersion = "Xcode 14.0";
			developmentRegion = en;
			hasScannedForEncodings = 0;
			knownRegions = (
				en,
				Base,
			);
			mainGroup = 0E8CC2A029F933B5005D5E8B;
			productRefGroup = 0E8CC2AA29F933B5005D5E8B /* Products */;
			projectDirPath = "";
			projectRoot = "";
			targets = (
				0E8CC2A829F933B5005D5E8B /* Photos-Searcher */,
			);
		};
/* End PBXProject section */

/* Begin PBXResourcesBuildPhase section */
		0E2E45FD2A04E0DF000ADA50 /* Resources */ = {
			isa = PBXResourcesBuildPhase;
			buildActionMask = 2147483647;
			files = (
				0E2E45FE2A04E0F1000ADA50 /* photo0.jpg in Resources */,
				0E2E45FF2A04E0F1000ADA50 /* photo1.jpg in Resources */,
				0E2E46002A04E0F1000ADA50 /* photo2.jpg in Resources */,
				0E2E46012A04E0F1000ADA50 /* photo3.jpg in Resources */,
				0E2E46022A04E0F1000ADA50 /* photo4.jpg in Resources */,
				0E2E46032A04E0F1000ADA50 /* photo5.jpg in Resources */,
				0E2E46042A04E0F1000ADA50 /* photo6.jpg in Resources */,
				0E2E46052A04E0F1000ADA50 /* photo7.jpg in Resources */,
				0E2E46062A04E0F1000ADA50 /* photo8.jpg in Resources */,
				0E2E46072A04E0F1000ADA50 /* photo9.jpg in Resources */,
				0E2E46082A04E0F1000ADA50 /* merges.txt in Resources */,
				0E2E46092A04E0F1000ADA50 /* vocab.json in Resources */,
			);
			runOnlyForDeploymentPostprocessing = 0;
		};
/* End PBXResourcesBuildPhase section */

/* Begin PBXShellScriptBuildPhase section */
		DD38531CE1A5843F1B4DE019 /* [CP] Embed Pods Frameworks */ = {
			isa = PBXShellScriptBuildPhase;
			buildActionMask = 2147483647;
			files = (
			);
			inputFileListPaths = (
				"${PODS_ROOT}/Target Support Files/Pods-Photos-Searcher/Pods-Photos-Searcher-frameworks-${CONFIGURATION}-input-files.xcfilelist",
			);
			name = "[CP] Embed Pods Frameworks";
			outputFileListPaths = (
				"${PODS_ROOT}/Target Support Files/Pods-Photos-Searcher/Pods-Photos-Searcher-frameworks-${CONFIGURATION}-output-files.xcfilelist",
			);
			runOnlyForDeploymentPostprocessing = 0;
			shellPath = /bin/sh;
			shellScript = "\"${PODS_ROOT}/Target Support Files/Pods-Photos-Searcher/Pods-Photos-Searcher-frameworks.sh\"\n";
			showEnvVarsInLog = 0;
		};
		F5D452EB72CB9D023740489E /* [CP] Check Pods Manifest.lock */ = {
			isa = PBXShellScriptBuildPhase;
			buildActionMask = 2147483647;
			files = (
			);
			inputFileListPaths = (
			);
			inputPaths = (
				"${PODS_PODFILE_DIR_PATH}/Podfile.lock",
				"${PODS_ROOT}/Manifest.lock",
			);
			name = "[CP] Check Pods Manifest.lock";
			outputFileListPaths = (
			);
			outputPaths = (
				"$(DERIVED_FILE_DIR)/Pods-Photos-Searcher-checkManifestLockResult.txt",
			);
			runOnlyForDeploymentPostprocessing = 0;
			shellPath = /bin/sh;
			shellScript = "diff \"${PODS_PODFILE_DIR_PATH}/Podfile.lock\" \"${PODS_ROOT}/Manifest.lock\" > /dev/null\nif [ $? != 0 ] ; then\n    # print error to STDERR\n    echo \"error: The sandbox is not in sync with the Podfile.lock. Run 'pod install' or update your CocoaPods installation.\" >&2\n    exit 1\nfi\n# This output is used by Xcode 'outputs' to avoid re-running this script phase.\necho \"SUCCESS\" > \"${SCRIPT_OUTPUT_FILE_0}\"\n";
			showEnvVarsInLog = 0;
		};
/* End PBXShellScriptBuildPhase section */

/* Begin PBXSourcesBuildPhase section */
		0E8CC2A529F933B5005D5E8B /* Sources */ = {
			isa = PBXSourcesBuildPhase;
			buildActionMask = 2147483647;
			files = (
				0E8CC2DE29F93502005D5E8B /* BPETokenizer+Reading.swift in Sources */,
				0E8CC2E029F93524005D5E8B /* Math.swift in Sources */,
				0E8CC2E729F97B2B005D5E8B /* ClipTextEncoder.mlmodel in Sources */,
				0E8CC2E829F97B2B005D5E8B /* ClipImageEncoder.mlmodel in Sources */,
				0E8CC2DD29F93502005D5E8B /* BPETokenizer.swift in Sources */,
				0E305BFC29FBC97C00AC371D /* Feature.swift in Sources */,
				0E8CC2AF29F933B5005D5E8B /* ContentView.swift in Sources */,
				0E8CC2E429F937BB005D5E8B /* UIImage+Resize.swift in Sources */,
				0E305C0029FBCFDC00AC371D /* AppDelegate.swift in Sources */,
				0E305BFE29FBCE1B00AC371D /* DatabaseManager.swift in Sources */,
				0E8CC2E229F935FB005D5E8B /* Helper.swift in Sources */,
				0E8CC2AD29F933B5005D5E8B /* Photos_SearcherApp.swift in Sources */,
				0E8CC2D629F934DD005D5E8B /* Activation.swift in Sources */,
			);
			runOnlyForDeploymentPostprocessing = 0;
		};
/* End PBXSourcesBuildPhase section */

/* Begin XCBuildConfiguration section */
		0E8CC2B529F933B7005D5E8B /* Debug */ = {
			isa = XCBuildConfiguration;
			buildSettings = {
				ALWAYS_SEARCH_USER_PATHS = NO;
				CLANG_ANALYZER_NONNULL = YES;
				CLANG_ANALYZER_NUMBER_OBJECT_CONVERSION = YES_AGGRESSIVE;
				CLANG_CXX_LANGUAGE_STANDARD = "gnu++20";
				CLANG_ENABLE_MODULES = YES;
				CLANG_ENABLE_OBJC_ARC = YES;
				CLANG_ENABLE_OBJC_WEAK = YES;
				CLANG_WARN_BLOCK_CAPTURE_AUTORELEASING = YES;
				CLANG_WARN_BOOL_CONVERSION = YES;
				CLANG_WARN_COMMA = YES;
				CLANG_WARN_CONSTANT_CONVERSION = YES;
				CLANG_WARN_DEPRECATED_OBJC_IMPLEMENTATIONS = YES;
				CLANG_WARN_DIRECT_OBJC_ISA_USAGE = YES_ERROR;
				CLANG_WARN_DOCUMENTATION_COMMENTS = YES;
				CLANG_WARN_EMPTY_BODY = YES;
				CLANG_WARN_ENUM_CONVERSION = YES;
				CLANG_WARN_INFINITE_RECURSION = YES;
				CLANG_WARN_INT_CONVERSION = YES;
				CLANG_WARN_NON_LITERAL_NULL_CONVERSION = YES;
				CLANG_WARN_OBJC_IMPLICIT_RETAIN_SELF = YES;
				CLANG_WARN_OBJC_LITERAL_CONVERSION = YES;
				CLANG_WARN_OBJC_ROOT_CLASS = YES_ERROR;
				CLANG_WARN_QUOTED_INCLUDE_IN_FRAMEWORK_HEADER = YES;
				CLANG_WARN_RANGE_LOOP_ANALYSIS = YES;
				CLANG_WARN_STRICT_PROTOTYPES = YES;
				CLANG_WARN_SUSPICIOUS_MOVE = YES;
				CLANG_WARN_UNGUARDED_AVAILABILITY = YES_AGGRESSIVE;
				CLANG_WARN_UNREACHABLE_CODE = YES;
				CLANG_WARN__DUPLICATE_METHOD_MATCH = YES;
				COPY_PHASE_STRIP = NO;
				DEBUG_INFORMATION_FORMAT = dwarf;
				ENABLE_STRICT_OBJC_MSGSEND = YES;
				ENABLE_TESTABILITY = YES;
				GCC_C_LANGUAGE_STANDARD = gnu11;
				GCC_DYNAMIC_NO_PIC = NO;
				GCC_NO_COMMON_BLOCKS = YES;
				GCC_OPTIMIZATION_LEVEL = 0;
				GCC_PREPROCESSOR_DEFINITIONS = (
					"DEBUG=1",
					"$(inherited)",
				);
				GCC_WARN_64_TO_32_BIT_CONVERSION = YES;
				GCC_WARN_ABOUT_RETURN_TYPE = YES_ERROR;
				GCC_WARN_UNDECLARED_SELECTOR = YES;
				GCC_WARN_UNINITIALIZED_AUTOS = YES_AGGRESSIVE;
				GCC_WARN_UNUSED_FUNCTION = YES;
				GCC_WARN_UNUSED_VARIABLE = YES;
				IPHONEOS_DEPLOYMENT_TARGET = 16.4;
				MTL_ENABLE_DEBUG_INFO = INCLUDE_SOURCE;
				MTL_FAST_MATH = YES;
				ONLY_ACTIVE_ARCH = YES;
				SDKROOT = iphoneos;
				SWIFT_ACTIVE_COMPILATION_CONDITIONS = DEBUG;
				SWIFT_OPTIMIZATION_LEVEL = "-Onone";
			};
			name = Debug;
		};
		0E8CC2B629F933B7005D5E8B /* Release */ = {
			isa = XCBuildConfiguration;
			buildSettings = {
				ALWAYS_SEARCH_USER_PATHS = NO;
				CLANG_ANALYZER_NONNULL = YES;
				CLANG_ANALYZER_NUMBER_OBJECT_CONVERSION = YES_AGGRESSIVE;
				CLANG_CXX_LANGUAGE_STANDARD = "gnu++20";
				CLANG_ENABLE_MODULES = YES;
				CLANG_ENABLE_OBJC_ARC = YES;
				CLANG_ENABLE_OBJC_WEAK = YES;
				CLANG_WARN_BLOCK_CAPTURE_AUTORELEASING = YES;
				CLANG_WARN_BOOL_CONVERSION = YES;
				CLANG_WARN_COMMA = YES;
				CLANG_WARN_CONSTANT_CONVERSION = YES;
				CLANG_WARN_DEPRECATED_OBJC_IMPLEMENTATIONS = YES;
				CLANG_WARN_DIRECT_OBJC_ISA_USAGE = YES_ERROR;
				CLANG_WARN_DOCUMENTATION_COMMENTS = YES;
				CLANG_WARN_EMPTY_BODY = YES;
				CLANG_WARN_ENUM_CONVERSION = YES;
				CLANG_WARN_INFINITE_RECURSION = YES;
				CLANG_WARN_INT_CONVERSION = YES;
				CLANG_WARN_NON_LITERAL_NULL_CONVERSION = YES;
				CLANG_WARN_OBJC_IMPLICIT_RETAIN_SELF = YES;
				CLANG_WARN_OBJC_LITERAL_CONVERSION = YES;
				CLANG_WARN_OBJC_ROOT_CLASS = YES_ERROR;
				CLANG_WARN_QUOTED_INCLUDE_IN_FRAMEWORK_HEADER = YES;
				CLANG_WARN_RANGE_LOOP_ANALYSIS = YES;
				CLANG_WARN_STRICT_PROTOTYPES = YES;
				CLANG_WARN_SUSPICIOUS_MOVE = YES;
				CLANG_WARN_UNGUARDED_AVAILABILITY = YES_AGGRESSIVE;
				CLANG_WARN_UNREACHABLE_CODE = YES;
				CLANG_WARN__DUPLICATE_METHOD_MATCH = YES;
				COPY_PHASE_STRIP = NO;
				DEBUG_INFORMATION_FORMAT = "dwarf-with-dsym";
				ENABLE_NS_ASSERTIONS = NO;
				ENABLE_STRICT_OBJC_MSGSEND = YES;
				GCC_C_LANGUAGE_STANDARD = gnu11;
				GCC_NO_COMMON_BLOCKS = YES;
				GCC_WARN_64_TO_32_BIT_CONVERSION = YES;
				GCC_WARN_ABOUT_RETURN_TYPE = YES_ERROR;
				GCC_WARN_UNDECLARED_SELECTOR = YES;
				GCC_WARN_UNINITIALIZED_AUTOS = YES_AGGRESSIVE;
				GCC_WARN_UNUSED_FUNCTION = YES;
				GCC_WARN_UNUSED_VARIABLE = YES;
				IPHONEOS_DEPLOYMENT_TARGET = 16.4;
				MTL_ENABLE_DEBUG_INFO = NO;
				MTL_FAST_MATH = YES;
				SDKROOT = iphoneos;
				SWIFT_COMPILATION_MODE = wholemodule;
				SWIFT_OPTIMIZATION_LEVEL = "-O";
				VALIDATE_PRODUCT = YES;
			};
			name = Release;
		};
		0E8CC2B829F933B7005D5E8B /* Debug */ = {
			isa = XCBuildConfiguration;
			baseConfigurationReference = DE05F2F0B5FA55B1808AD186 /* Pods-Photos-Searcher.debug.xcconfig */;
			buildSettings = {
				ASSETCATALOG_COMPILER_APPICON_NAME = AppIcon;
				ASSETCATALOG_COMPILER_GLOBAL_ACCENT_COLOR_NAME = AccentColor;
				CODE_SIGN_STYLE = Automatic;
				CURRENT_PROJECT_VERSION = 1;
				DEVELOPMENT_ASSET_PATHS = "\"Photos-Searcher/Preview Content\"";
				DEVELOPMENT_TEAM = H2CJGWVMU4;
				ENABLE_PREVIEWS = YES;
				EXCLUDED_ARCHS = "";
				"FRAMEWORK_SEARCH_PATHS[arch=*]" = (
					"$(inherited)",
					"\"${PODS_CONFIGURATION_BUILD_DIR}/GRDB.swift\"",
				);
				GENERATE_INFOPLIST_FILE = YES;
				INFOPLIST_KEY_CFBundleDisplayName = "Photo Searcher";
				INFOPLIST_KEY_UIApplicationSceneManifest_Generation = YES;
				INFOPLIST_KEY_UIApplicationSupportsIndirectInputEvents = YES;
				INFOPLIST_KEY_UILaunchScreen_Generation = YES;
				INFOPLIST_KEY_UISupportedInterfaceOrientations_iPad = "UIInterfaceOrientationPortrait UIInterfaceOrientationPortraitUpsideDown UIInterfaceOrientationLandscapeLeft UIInterfaceOrientationLandscapeRight";
				INFOPLIST_KEY_UISupportedInterfaceOrientations_iPhone = "UIInterfaceOrientationPortrait UIInterfaceOrientationLandscapeLeft UIInterfaceOrientationLandscapeRight";
				LD_RUNPATH_SEARCH_PATHS = (
					"$(inherited)",
					"@executable_path/Frameworks",
				);
				LIBRARY_SEARCH_PATHS = (
					"$(inherited)",
					"$(PROJECT_DIR)/Photos-Searcher",
					"$(PROJECT_DIR)",
					"$(PROJECT_DIR)/Photos-Searcher/dylib",
				);
				MARKETING_VERSION = 1.0;
				PRODUCT_BUNDLE_IDENTIFIER = "com.shonenada.photos-searcher-debug";
				PRODUCT_NAME = "$(TARGET_NAME)";
				SWIFT_EMIT_LOC_STRINGS = YES;
				SWIFT_INCLUDE_PATHS = "$(inherited) $(PROJECT_DIR)/Photos-Searcher $(PROJECT_DIR) $(PROJECT_DIR)/Photos-Searcher/dylib";
				SWIFT_VERSION = 5.0;
				TARGETED_DEVICE_FAMILY = "1,2";
			};
			name = Debug;
		};
		0E8CC2B929F933B7005D5E8B /* Release */ = {
			isa = XCBuildConfiguration;
			baseConfigurationReference = 16D786EBB51593CAD67D5DAB /* Pods-Photos-Searcher.release.xcconfig */;
			buildSettings = {
				ASSETCATALOG_COMPILER_APPICON_NAME = AppIcon;
				ASSETCATALOG_COMPILER_GLOBAL_ACCENT_COLOR_NAME = AccentColor;
				CODE_SIGN_STYLE = Automatic;
				CURRENT_PROJECT_VERSION = 1;
				DEVELOPMENT_ASSET_PATHS = "\"Photos-Searcher/Preview Content\"";
				DEVELOPMENT_TEAM = H2CJGWVMU4;
				ENABLE_PREVIEWS = YES;
				EXCLUDED_ARCHS = "";
				GENERATE_INFOPLIST_FILE = YES;
				INFOPLIST_KEY_CFBundleDisplayName = "Photo Searcher";
				INFOPLIST_KEY_UIApplicationSceneManifest_Generation = YES;
				INFOPLIST_KEY_UIApplicationSupportsIndirectInputEvents = YES;
				INFOPLIST_KEY_UILaunchScreen_Generation = YES;
				INFOPLIST_KEY_UISupportedInterfaceOrientations_iPad = "UIInterfaceOrientationPortrait UIInterfaceOrientationPortraitUpsideDown UIInterfaceOrientationLandscapeLeft UIInterfaceOrientationLandscapeRight";
				INFOPLIST_KEY_UISupportedInterfaceOrientations_iPhone = "UIInterfaceOrientationPortrait UIInterfaceOrientationLandscapeLeft UIInterfaceOrientationLandscapeRight";
				LD_RUNPATH_SEARCH_PATHS = (
					"$(inherited)",
					"@executable_path/Frameworks",
				);
				LIBRARY_SEARCH_PATHS = (
					"$(inherited)",
					"$(PROJECT_DIR)/Photos-Searcher",
					"$(PROJECT_DIR)",
					"$(PROJECT_DIR)/Photos-Searcher/dylib",
				);
				MARKETING_VERSION = 1.0;
				PRODUCT_BUNDLE_IDENTIFIER = "com.shonenada.photos-searcher";
				PRODUCT_NAME = "$(TARGET_NAME)";
				SWIFT_EMIT_LOC_STRINGS = YES;
				SWIFT_INCLUDE_PATHS = "$(inherited) $(PROJECT_DIR)/Photos-Searcher $(PROJECT_DIR) $(PROJECT_DIR)/Photos-Searcher/dylib";
				SWIFT_VERSION = 5.0;
				TARGETED_DEVICE_FAMILY = "1,2";
			};
			name = Release;
		};
/* End XCBuildConfiguration section */

/* Begin XCConfigurationList section */
		0E8CC2A429F933B5005D5E8B /* Build configuration list for PBXProject "Photos-Searcher" */ = {
			isa = XCConfigurationList;
			buildConfigurations = (
				0E8CC2B529F933B7005D5E8B /* Debug */,
				0E8CC2B629F933B7005D5E8B /* Release */,
			);
			defaultConfigurationIsVisible = 0;
			defaultConfigurationName = Release;
		};
		0E8CC2B729F933B7005D5E8B /* Build configuration list for PBXNativeTarget "Photos-Searcher" */ = {
			isa = XCConfigurationList;
			buildConfigurations = (
				0E8CC2B829F933B7005D5E8B /* Debug */,
				0E8CC2B929F933B7005D5E8B /* Release */,
			);
			defaultConfigurationIsVisible = 0;
			defaultConfigurationName = Release;
		};
/* End XCConfigurationList section */
	};
	rootObject = 0E8CC2A129F933B5005D5E8B /* Project object */;
}
